
Microsoft Visual Studio Solution File, Format Version 12.00
# Visual Studio Version 16
VisualStudioVersion = 25.0.1706.4
MinimumVisualStudioVersion = 10.0.40219.1
Project("{FAE04EC0-301F-11D3-BF4B-00C04F79EFBC}") = "DataLayer", "DataLayer\DataLayer.csproj", "{39450129-15ED-44B4-9C75-E5094B37581B}"
EndProject
Project("{FAE04EC0-301F-11D3-BF4B-00C04F79EFBC}") = "WebAPI", "WebAPI\WebAPI.csproj", "{17ED8C3D-9BEB-42E0-A61E-5FD8945AEAFB}"
EndProject
Project("{FAE04EC0-301F-11D3-BF4B-00C04F79EFBC}") = "Testing", "Testing\Testing.csproj", "{B1816F2E-4817-4792-A171-C985A1B9614B}"
EndProject
Global
	GlobalSection(SolutionConfigurationPlatforms) = preSolution
		Debug|Any CPU = Debug|Any CPU
		Release|Any CPU = Release|Any CPU
	EndGlobalSection
	GlobalSection(ProjectConfigurationPlatforms) = postSolution
		{39450129-15ED-44B4-9C75-E5094B37581B}.Debug|Any CPU.ActiveCfg = Debug|Any CPU
		{39450129-15ED-44B4-9C75-E5094B37581B}.Debug|Any CPU.Build.0 = Debug|Any CPU
		{39450129-15ED-44B4-9C75-E5094B37581B}.Release|Any CPU.ActiveCfg = Release|Any CPU
		{39450129-15ED-44B4-9C75-E5094B37581B}.Release|Any CPU.Build.0 = Release|Any CPU
		{17ED8C3D-9BEB-42E0-A61E-5FD8945AEAFB}.Debug|Any CPU.ActiveCfg = Debug|Any CPU
		{17ED8C3D-9BEB-42E0-A61E-5FD8945AEAFB}.Debug|Any CPU.Build.0 = Debug|Any CPU
		{17ED8C3D-9BEB-42E0-A61E-5FD8945AEAFB}.Release|Any CPU.ActiveCfg = Release|Any CPU
		{17ED8C3D-9BEB-42E0-A61E-5FD8945AEAFB}.Release|Any CPU.Build.0 = Release|Any CPU
		{B1816F2E-4817-4792-A171-C985A1B9614B}.Debug|Any CPU.ActiveCfg = Debug|Any CPU
		{B1816F2E-4817-4792-A171-C985A1B9614B}.Debug|Any CPU.Build.0 = Debug|Any CPU
		{B1816F2E-4817-4792-A171-C985A1B9614B}.Release|Any CPU.ActiveCfg = Release|Any CPU
		{B1816F2E-4817-4792-A171-C985A1B9614B}.Release|Any CPU.Build.0 = Release|Any CPU
	EndGlobalSection
	GlobalSection(SolutionProperties) = preSolution
		HideSolutionNode = FALSE
	EndGlobalSection
	GlobalSection(ExtensibilityGlobals) = postSolution
		SolutionGuid = {5E3C1DB7-1A0B-4FD1-9CCE-93611D47EF16}
	EndGlobalSection
EndGlobal
